
Microsoft Visual Studio Solution File, Format Version 12.00
# Visual Studio 15
Project("{FAE04EC0-301F-11D3-BF4B-00C04F79EFBC}") = "FactoryPattern", "FactoryPattern\FactoryPattern.csproj", "{55F3A142-1E07-4614-8F28-CA4EB0F18469}"
EndProject
Global
	GlobalSection(SolutionConfigurationPlatforms) = preSolution
		Debug|anycpu = Debug|anycpu
		Release|anycpu = Release|anycpu
	EndGlobalSection
	GlobalSection(ProjectConfigurationPlatforms) = postSolution
		{55F3A142-1E07-4614-8F28-CA4EB0F18469}.Debug|anycpu.ActiveCfg = Debug|anycpu
		{55F3A142-1E07-4614-8F28-CA4EB0F18469}.Debug|anycpu.Build.0 = Debug|anycpu
		{55F3A142-1E07-4614-8F28-CA4EB0F18469}.Release|anycpu.ActiveCfg = Release|anycpu
		{55F3A142-1E07-4614-8F28-CA4EB0F18469}.Release|anycpu.Build.0 = Release|anycpu
	EndGlobalSection
EndGlobal
